// !$*UTF8*$!
{
	archiveVersion = 1;
	classes = {
	};
	objectVersion = 56;
	objects = {

/* Begin PBXBuildFile section */
		C78CF17D2B09FC4C009A61FB /* AppDelegate.swift in Sources */ = {isa = PBXBuildFile; fileRef = C78CF17C2B09FC4C009A61FB /* AppDelegate.swift */; };
		C78CF17F2B09FC4C009A61FB /* SceneDelegate.swift in Sources */ = {isa = PBXBuildFile; fileRef = C78CF17E2B09FC4C009A61FB /* SceneDelegate.swift */; };
		C78CF1812B09FC4C009A61FB /* ViewController.swift in Sources */ = {isa = PBXBuildFile; fileRef = C78CF1802B09FC4C009A61FB /* ViewController.swift */; };
		C78CF1842B09FC4C009A61FB /* Main.storyboard in Resources */ = {isa = PBXBuildFile; fileRef = C78CF1822B09FC4C009A61FB /* Main.storyboard */; };
		C78CF1862B09FC4D009A61FB /* Assets.xcassets in Resources */ = {isa = PBXBuildFile; fileRef = C78CF1852B09FC4D009A61FB /* Assets.xcassets */; };
		C78CF1892B09FC4D009A61FB /* LaunchScreen.storyboard in Resources */ = {isa = PBXBuildFile; fileRef = C78CF1872B09FC4D009A61FB /* LaunchScreen.storyboard */; };
		C78CF1912B09FE40009A61FB /* TableListContoroller.swift in Sources */ = {isa = PBXBuildFile; fileRef = C78CF1902B09FE40009A61FB /* TableListContoroller.swift */; };
/* End PBXBuildFile section */

/* Begin PBXFileReference section */
		C78CF1792B09FC4C009A61FB /* EasyAlertMemo.app */ = {isa = PBXFileReference; explicitFileType = wrapper.application; includeInIndex = 0; path = EasyAlertMemo.app; sourceTree = BUILT_PRODUCTS_DIR; };
		C78CF17C2B09FC4C009A61FB /* AppDelegate.swift */ = {isa = PBXFileReference; lastKnownFileType = sourcecode.swift; path = AppDelegate.swift; sourceTree = "<group>"; };
		C78CF17E2B09FC4C009A61FB /* SceneDelegate.swift */ = {isa = PBXFileReference; lastKnownFileType = sourcecode.swift; path = SceneDelegate.swift; sourceTree = "<group>"; };
		C78CF1802B09FC4C009A61FB /* ViewController.swift */ = {isa = PBXFileReference; lastKnownFileType = sourcecode.swift; path = ViewController.swift; sourceTree = "<group>"; };
		C78CF1832B09FC4C009A61FB /* Base */ = {isa = PBXFileReference; lastKnownFileType = file.storyboard; name = Base; path = Base.lproj/Main.storyboard; sourceTree = "<group>"; };
		C78CF1852B09FC4D009A61FB /* Assets.xcassets */ = {isa = PBXFileReference; lastKnownFileType = folder.assetcatalog; path = Assets.xcassets; sourceTree = "<group>"; };
		C78CF1882B09FC4D009A61FB /* Base */ = {isa = PBXFileReference; lastKnownFileType = file.storyboard; name = Base; path = Base.lproj/LaunchScreen.storyboard; sourceTree = "<group>"; };
		C78CF18A2B09FC4D009A61FB /* Info.plist */ = {isa = PBXFileReference; lastKnownFileType = text.plist.xml; path = Info.plist; sourceTree = "<group>"; };
		C78CF1902B09FE40009A61FB /* TableListContoroller.swift */ = {isa = PBXFileReference; lastKnownFileType = sourcecode.swift; path = TableListContoroller.swift; sourceTree = "<group>"; };
		C78CF1B42B1BF52F009A61FB /* EasyAlertMemo.entitlements */ = {isa = PBXFileReference; lastKnownFileType = text.plist.entitlements; path = EasyAlertMemo.entitlements; sourceTree = "<group>"; };
/* End PBXFileReference section */

/* Begin PBXFrameworksBuildPhase section */
		C78CF1762B09FC4C009A61FB /* Frameworks */ = {
			isa = PBXFrameworksBuildPhase;
			buildActionMask = 2147483647;
			files = (
			);
			runOnlyForDeploymentPostprocessing = 0;
		};
/* End PBXFrameworksBuildPhase section */

/* Begin PBXGroup section */
		C78CF1702B09FC4C009A61FB = {
			isa = PBXGroup;
			children = (
				C78CF17B2B09FC4C009A61FB /* EasyAlertMemo */,
				C78CF17A2B09FC4C009A61FB /* Products */,
			);
			sourceTree = "<group>";
		};
		C78CF17A2B09FC4C009A61FB /* Products */ = {
			isa = PBXGroup;
			children = (
				C78CF1792B09FC4C009A61FB /* EasyAlertMemo.app */,
			);
			name = Products;
			sourceTree = "<group>";
		};
		C78CF17B2B09FC4C009A61FB /* EasyAlertMemo */ = {
			isa = PBXGroup;
			children = (
				C78CF1B42B1BF52F009A61FB /* EasyAlertMemo.entitlements */,
				C78CF17C2B09FC4C009A61FB /* AppDelegate.swift */,
				C78CF17E2B09FC4C009A61FB /* SceneDelegate.swift */,
				C78CF1802B09FC4C009A61FB /* ViewController.swift */,
				C78CF1902B09FE40009A61FB /* TableListContoroller.swift */,
				C78CF1822B09FC4C009A61FB /* Main.storyboard */,
				C78CF1852B09FC4D009A61FB /* Assets.xcassets */,
				C78CF1872B09FC4D009A61FB /* LaunchScreen.storyboard */,
				C78CF18A2B09FC4D009A61FB /* Info.plist */,
			);
			path = EasyAlertMemo;
			sourceTree = "<group>";
		};
/* End PBXGroup section */

/* Begin PBXNativeTarget section */
		C78CF1782B09FC4C009A61FB /* EasyAlertMemo */ = {
			isa = PBXNativeTarget;
			buildConfigurationList = C78CF18D2B09FC4D009A61FB /* Build configuration list for PBXNativeTarget "EasyAlertMemo" */;
			buildPhases = (
				C78CF1752B09FC4C009A61FB /* Sources */,
				C78CF1762B09FC4C009A61FB /* Frameworks */,
				C78CF1772B09FC4C009A61FB /* Resources */,
			);
			buildRules = (
			);
			dependencies = (
			);
			name = EasyAlertMemo;
			productName = EasyAlertMemo;
			productReference = C78CF1792B09FC4C009A61FB /* EasyAlertMemo.app */;
			productType = "com.apple.product-type.application";
		};
/* End PBXNativeTarget section */

/* Begin PBXProject section */
		C78CF1712B09FC4C009A61FB /* Project object */ = {
			isa = PBXProject;
			attributes = {
				BuildIndependentTargetsInParallel = 1;
				LastSwiftUpdateCheck = 1500;
				LastUpgradeCheck = 1500;
				TargetAttributes = {
					C78CF1782B09FC4C009A61FB = {
						CreatedOnToolsVersion = 15.0.1;
					};
				};
			};
			buildConfigurationList = C78CF1742B09FC4C009A61FB /* Build configuration list for PBXProject "EasyAlertMemo" */;
			compatibilityVersion = "Xcode 14.0";
			developmentRegion = en;
			hasScannedForEncodings = 0;
			knownRegions = (
				en,
				Base,
			);
			mainGroup = C78CF1702B09FC4C009A61FB;
			productRefGroup = C78CF17A2B09FC4C009A61FB /* Products */;
			projectDirPath = "";
			projectRoot = "";
			targets = (
				C78CF1782B09FC4C009A61FB /* EasyAlertMemo */,
			);
		};
/* End PBXProject section */

/* Begin PBXResourcesBuildPhase section */
		C78CF1772B09FC4C009A61FB /* Resources */ = {
			isa = PBXResourcesBuildPhase;
			buildActionMask = 2147483647;
			files = (
				C78CF1892B09FC4D009A61FB /* LaunchScreen.storyboard in Resources */,
				C78CF1862B09FC4D009A61FB /* Assets.xcassets in Resources */,
				C78CF1842B09FC4C009A61FB /* Main.storyboard in Resources */,
			);
			runOnlyForDeploymentPostprocessing = 0;
		};
/* End PBXResourcesBuildPhase section */

/* Begin PBXSourcesBuildPhase section */
		C78CF1752B09FC4C009A61FB /* Sources */ = {
			isa = PBXSourcesBuildPhase;
			buildActionMask = 2147483647;
			files = (
				C78CF1912B09FE40009A61FB /* TableListContoroller.swift in Sources */,
				C78CF1812B09FC4C009A61FB /* ViewController.swift in Sources */,
				C78CF17D2B09FC4C009A61FB /* AppDelegate.swift in Sources */,
				C78CF17F2B09FC4C009A61FB /* SceneDelegate.swift in Sources */,
			);
			runOnlyForDeploymentPostprocessing = 0;
		};
/* End PBXSourcesBuildPhase section */

/* Begin PBXVariantGroup section */
		C78CF1822B09FC4C009A61FB /* Main.storyboard */ = {
			isa = PBXVariantGroup;
			children = (
				C78CF1832B09FC4C009A61FB /* Base */,
			);
			name = Main.storyboard;
			sourceTree = "<group>";
		};
		C78CF1872B09FC4D009A61FB /* LaunchScreen.storyboard */ = {
			isa = PBXVariantGroup;
			children = (
				C78CF1882B09FC4D009A61FB /* Base */,
			);
			name = LaunchScreen.storyboard;
			sourceTree = "<group>";
		};
/* End PBXVariantGroup section */

/* Begin XCBuildConfiguration section */
		C78CF18B2B09FC4D009A61FB /* Debug */ = {
			isa = XCBuildConfiguration;
			buildSettings = {
				ALWAYS_SEARCH_USER_PATHS = NO;
				ASSETCATALOG_COMPILER_GENERATE_SWIFT_ASSET_SYMBOL_EXTENSIONS = YES;
				CLANG_ANALYZER_NONNULL = YES;
				CLANG_ANALYZER_NUMBER_OBJECT_CONVERSION = YES_AGGRESSIVE;
				CLANG_CXX_LANGUAGE_STANDARD = "gnu++20";
				CLANG_ENABLE_MODULES = YES;
				CLANG_ENABLE_OBJC_ARC = YES;
				CLANG_ENABLE_OBJC_WEAK = YES;
				CLANG_WARN_BLOCK_CAPTURE_AUTORELEASING = YES;
				CLANG_WARN_BOOL_CONVERSION = YES;
				CLANG_WARN_COMMA = YES;
				CLANG_WARN_CONSTANT_CONVERSION = YES;
				CLANG_WARN_DEPRECATED_OBJC_IMPLEMENTATIONS = YES;
				CLANG_WARN_DIRECT_OBJC_ISA_USAGE = YES_ERROR;
				CLANG_WARN_DOCUMENTATION_COMMENTS = YES;
				CLANG_WARN_EMPTY_BODY = YES;
				CLANG_WARN_ENUM_CONVERSION = YES;
				CLANG_WARN_INFINITE_RECURSION = YES;
				CLANG_WARN_INT_CONVERSION = YES;
				CLANG_WARN_NON_LITERAL_NULL_CONVERSION = YES;
				CLANG_WARN_OBJC_IMPLICIT_RETAIN_SELF = YES;
				CLANG_WARN_OBJC_LITERAL_CONVERSION = YES;
				CLANG_WARN_OBJC_ROOT_CLASS = YES_ERROR;
				CLANG_WARN_QUOTED_INCLUDE_IN_FRAMEWORK_HEADER = YES;
				CLANG_WARN_RANGE_LOOP_ANALYSIS = YES;
				CLANG_WARN_STRICT_PROTOTYPES = YES;
				CLANG_WARN_SUSPICIOUS_MOVE = YES;
				CLANG_WARN_UNGUARDED_AVAILABILITY = YES_AGGRESSIVE;
				CLANG_WARN_UNREACHABLE_CODE = YES;
				CLANG_WARN__DUPLICATE_METHOD_MATCH = YES;
				COPY_PHASE_STRIP = NO;
				DEBUG_INFORMATION_FORMAT = dwarf;
				ENABLE_STRICT_OBJC_MSGSEND = YES;
				ENABLE_TESTABILITY = YES;
				ENABLE_USER_SCRIPT_SANDBOXING = YES;
				GCC_C_LANGUAGE_STANDARD = gnu17;
				GCC_DYNAMIC_NO_PIC = NO;
				GCC_NO_COMMON_BLOCKS = YES;
				GCC_OPTIMIZATION_LEVEL = 0;
				GCC_PREPROCESSOR_DEFINITIONS = (
					"DEBUG=1",
					"$(inherited)",
				);
				GCC_WARN_64_TO_32_BIT_CONVERSION = YES;
				GCC_WARN_ABOUT_RETURN_TYPE = YES_ERROR;
				GCC_WARN_UNDECLARED_SELECTOR = YES;
				GCC_WARN_UNINITIALIZED_AUTOS = YES_AGGRESSIVE;
				GCC_WARN_UNUSED_FUNCTION = YES;
				GCC_WARN_UNUSED_VARIABLE = YES;
				IPHONEOS_DEPLOYMENT_TARGET = 17.0;
				LOCALIZATION_PREFERS_STRING_CATALOGS = YES;
				MTL_ENABLE_DEBUG_INFO = INCLUDE_SOURCE;
				MTL_FAST_MATH = YES;
				ONLY_ACTIVE_ARCH = YES;
				SDKROOT = iphoneos;
				SWIFT_ACTIVE_COMPILATION_CONDITIONS = "DEBUG $(inherited)";
				SWIFT_OPTIMIZATION_LEVEL = "-Onone";
			};
			name = Debug;
		};
		C78CF18C2B09FC4D009A61FB /* Release */ = {
			isa = XCBuildConfiguration;
			buildSettings = {
				ALWAYS_SEARCH_USER_PATHS = NO;
				ASSETCATALOG_COMPILER_GENERATE_SWIFT_ASSET_SYMBOL_EXTENSIONS = YES;
				CLANG_ANALYZER_NONNULL = YES;
				CLANG_ANALYZER_NUMBER_OBJECT_CONVERSION = YES_AGGRESSIVE;
				CLANG_CXX_LANGUAGE_STANDARD = "gnu++20";
				CLANG_ENABLE_MODULES = YES;
				CLANG_ENABLE_OBJC_ARC = YES;
				CLANG_ENABLE_OBJC_WEAK = YES;
				CLANG_WARN_BLOCK_CAPTURE_AUTORELEASING = YES;
				CLANG_WARN_BOOL_CONVERSION = YES;
				CLANG_WARN_COMMA = YES;
				CLANG_WARN_CONSTANT_CONVERSION = YES;
				CLANG_WARN_DEPRECATED_OBJC_IMPLEMENTATIONS = YES;
				CLANG_WARN_DIRECT_OBJC_ISA_USAGE = YES_ERROR;
				CLANG_WARN_DOCUMENTATION_COMMENTS = YES;
				CLANG_WARN_EMPTY_BODY = YES;
				CLANG_WARN_ENUM_CONVERSION = YES;
				CLANG_WARN_INFINITE_RECURSION = YES;
				CLANG_WARN_INT_CONVERSION = YES;
				CLANG_WARN_NON_LITERAL_NULL_CONVERSION = YES;
				CLANG_WARN_OBJC_IMPLICIT_RETAIN_SELF = YES;
				CLANG_WARN_OBJC_LITERAL_CONVERSION = YES;
				CLANG_WARN_OBJC_ROOT_CLASS = YES_ERROR;
				CLANG_WARN_QUOTED_INCLUDE_IN_FRAMEWORK_HEADER = YES;
				CLANG_WARN_RANGE_LOOP_ANALYSIS = YES;
				CLANG_WARN_STRICT_PROTOTYPES = YES;
				CLANG_WARN_SUSPICIOUS_MOVE = YES;
				CLANG_WARN_UNGUARDED_AVAILABILITY = YES_AGGRESSIVE;
				CLANG_WARN_UNREACHABLE_CODE = YES;
				CLANG_WARN__DUPLICATE_METHOD_MATCH = YES;
				COPY_PHASE_STRIP = NO;
				DEBUG_INFORMATION_FORMAT = "dwarf-with-dsym";
				ENABLE_NS_ASSERTIONS = NO;
				ENABLE_STRICT_OBJC_MSGSEND = YES;
				ENABLE_USER_SCRIPT_SANDBOXING = YES;
				GCC_C_LANGUAGE_STANDARD = gnu17;
				GCC_NO_COMMON_BLOCKS = YES;
				GCC_WARN_64_TO_32_BIT_CONVERSION = YES;
				GCC_WARN_ABOUT_RETURN_TYPE = YES_ERROR;
				GCC_WARN_UNDECLARED_SELECTOR = YES;
				GCC_WARN_UNINITIALIZED_AUTOS = YES_AGGRESSIVE;
				GCC_WARN_UNUSED_FUNCTION = YES;
				GCC_WARN_UNUSED_VARIABLE = YES;
				IPHONEOS_DEPLOYMENT_TARGET = 17.0;
				LOCALIZATION_PREFERS_STRING_CATALOGS = YES;
				MTL_ENABLE_DEBUG_INFO = NO;
				MTL_FAST_MATH = YES;
				SDKROOT = iphoneos;
				SWIFT_COMPILATION_MODE = wholemodule;
				VALIDATE_PRODUCT = YES;
			};
			name = Release;
		};
		C78CF18E2B09FC4D009A61FB /* Debug */ = {
			isa = XCBuildConfiguration;
			buildSettings = {
				ASSETCATALOG_COMPILER_APPICON_NAME = AppIcon;
				ASSETCATALOG_COMPILER_GLOBAL_ACCENT_COLOR_NAME = AccentColor;
				CODE_SIGN_ENTITLEMENTS = EasyAlertMemo/EasyAlertMemo.entitlements;
				CODE_SIGN_STYLE = Automatic;
				CURRENT_PROJECT_VERSION = 2;
				DEVELOPMENT_TEAM = 4H5MS236CS;
				GENERATE_INFOPLIST_FILE = YES;
				INFOPLIST_FILE = EasyAlertMemo/Info.plist;
				INFOPLIST_KEY_CFBundleDisplayName = "簡単 通知メモ";
				INFOPLIST_KEY_UIApplicationSupportsIndirectInputEvents = YES;
				INFOPLIST_KEY_UILaunchStoryboardName = LaunchScreen;
				INFOPLIST_KEY_UIMainStoryboardFile = Main;
				INFOPLIST_KEY_UISupportedInterfaceOrientations_iPad = "UIInterfaceOrientationPortrait UIInterfaceOrientationPortraitUpsideDown UIInterfaceOrientationLandscapeLeft UIInterfaceOrientationLandscapeRight";
				INFOPLIST_KEY_UISupportedInterfaceOrientations_iPhone = UIInterfaceOrientationPortrait;
				LD_RUNPATH_SEARCH_PATHS = (
					"$(inherited)",
					"@executable_path/Frameworks",
				);
				MARKETING_VERSION = 1.1;
				PRODUCT_BUNDLE_IDENTIFIER = com.gmail.137.6300.bjs.EasyAlertMemo;
				PRODUCT_NAME = "$(TARGET_NAME)";
				SWIFT_EMIT_LOC_STRINGS = YES;
				SWIFT_VERSION = 5.0;
				TARGETED_DEVICE_FAMILY = "1,2";
			};
			name = Debug;
		};
		C78CF18F2B09FC4D009A61FB /* Release */ = {
			isa = XCBuildConfiguration;
			buildSettings = {
				ASSETCATALOG_COMPILER_APPICON_NAME = AppIcon;
				ASSETCATALOG_COMPILER_GLOBAL_ACCENT_COLOR_NAME = AccentColor;
				CODE_SIGN_ENTITLEMENTS = EasyAlertMemo/EasyAlertMemo.entitlements;
				CODE_SIGN_STYLE = Automatic;
				CURRENT_PROJECT_VERSION = 2;
				DEVELOPMENT_TEAM = 4H5MS236CS;
				GENERATE_INFOPLIST_FILE = YES;
				INFOPLIST_FILE = EasyAlertMemo/Info.plist;
				INFOPLIST_KEY_CFBundleDisplayName = "簡単 通知メモ";
				INFOPLIST_KEY_UIApplicationSupportsIndirectInputEvents = YES;
				INFOPLIST_KEY_UILaunchStoryboardName = LaunchScreen;
				INFOPLIST_KEY_UIMainStoryboardFile = Main;
				INFOPLIST_KEY_UISupportedInterfaceOrientations_iPad = "UIInterfaceOrientationPortrait UIInterfaceOrientationPortraitUpsideDown UIInterfaceOrientationLandscapeLeft UIInterfaceOrientationLandscapeRight";
				INFOPLIST_KEY_UISupportedInterfaceOrientations_iPhone = UIInterfaceOrientationPortrait;
				LD_RUNPATH_SEARCH_PATHS = (
					"$(inherited)",
					"@executable_path/Frameworks",
				);
				MARKETING_VERSION = 1.1;
				PRODUCT_BUNDLE_IDENTIFIER = com.gmail.137.6300.bjs.EasyAlertMemo;
				PRODUCT_NAME = "$(TARGET_NAME)";
				SWIFT_EMIT_LOC_STRINGS = YES;
				SWIFT_VERSION = 5.0;
				TARGETED_DEVICE_FAMILY = "1,2";
			};
			name = Release;
		};
/* End XCBuildConfiguration section */

/* Begin XCConfigurationList section */
		C78CF1742B09FC4C009A61FB /* Build configuration list for PBXProject "EasyAlertMemo" */ = {
			isa = XCConfigurationList;
			buildConfigurations = (
				C78CF18B2B09FC4D009A61FB /* Debug */,
				C78CF18C2B09FC4D009A61FB /* Release */,
			);
			defaultConfigurationIsVisible = 0;
			defaultConfigurationName = Release;
		};
		C78CF18D2B09FC4D009A61FB /* Build configuration list for PBXNativeTarget "EasyAlertMemo" */ = {
			isa = XCConfigurationList;
			buildConfigurations = (
				C78CF18E2B09FC4D009A61FB /* Debug */,
				C78CF18F2B09FC4D009A61FB /* Release */,
			);
			defaultConfigurationIsVisible = 0;
			defaultConfigurationName = Release;
		};
/* End XCConfigurationList section */
	};
	rootObject = C78CF1712B09FC4C009A61FB /* Project object */;
}
